
Microsoft Visual Studio Solution File, Format Version 12.00
# Visual Studio Version 17
VisualStudioVersion = 17.3.32804.467
MinimumVisualStudioVersion = 10.0.40219.1
Project("{FAE04EC0-301F-11D3-BF4B-00C04F79EFBC}") = "UDP.Client", "UDP.Client\UDP.Client.csproj", "{E17BB80F-F3B6-4D1A-B97A-47D034F05AC3}"
EndProject
Project("{FAE04EC0-301F-11D3-BF4B-00C04F79EFBC}") = "UDP.Server", "UDP.Server\UDP.Server.csproj", "{166BC349-DD04-43B4-AFDA-658C8CE93579}"
EndProject
Global
	GlobalSection(SolutionConfigurationPlatforms) = preSolution
		Debug|Any CPU = Debug|Any CPU
		Release|Any CPU = Release|Any CPU
	EndGlobalSection
	GlobalSection(ProjectConfigurationPlatforms) = postSolution
		{E17BB80F-F3B6-4D1A-B97A-47D034F05AC3}.Debug|Any CPU.ActiveCfg = Debug|Any CPU
		{E17BB80F-F3B6-4D1A-B97A-47D034F05AC3}.Debug|Any CPU.Build.0 = Debug|Any CPU
		{E17BB80F-F3B6-4D1A-B97A-47D034F05AC3}.Release|Any CPU.ActiveCfg = Release|Any CPU
		{E17BB80F-F3B6-4D1A-B97A-47D034F05AC3}.Release|Any CPU.Build.0 = Release|Any CPU
		{166BC349-DD04-43B4-AFDA-658C8CE93579}.Debug|Any CPU.ActiveCfg = Debug|Any CPU
		{166BC349-DD04-43B4-AFDA-658C8CE93579}.Debug|Any CPU.Build.0 = Debug|Any CPU
		{166BC349-DD04-43B4-AFDA-658C8CE93579}.Release|Any CPU.ActiveCfg = Release|Any CPU
		{166BC349-DD04-43B4-AFDA-658C8CE93579}.Release|Any CPU.Build.0 = Release|Any CPU
	EndGlobalSection
	GlobalSection(SolutionProperties) = preSolution
		HideSolutionNode = FALSE
	EndGlobalSection
	GlobalSection(ExtensibilityGlobals) = postSolution
		SolutionGuid = {8839FF50-410F-42E0-8C97-1988C27019B6}
	EndGlobalSection
EndGlobal
